
Microsoft Visual Studio Solution File, Format Version 12.00
# Visual Studio 14
VisualStudioVersion = 14.0.24720.0
MinimumVisualStudioVersion = 10.0.40219.1
Project("{2150E333-8FDC-42A3-9474-1A3956D46DE8}") = "0 - Modelagem de entidades", "0 - Modelagem de entidades", "{A5886B74-B512-4C9B-879C-74C2FB435B0B}"
EndProject
Project("{2150E333-8FDC-42A3-9474-1A3956D46DE8}") = "1 - Sistema", "1 - Sistema", "{4C2F5499-F599-4D18-919A-3CAE2D09B04B}"
EndProject
Project("{2150E333-8FDC-42A3-9474-1A3956D46DE8}") = "1.1 - Camada de Apresentação", "1.1 - Camada de Apresentação", "{B6957207-6AFE-482A-AE2D-603674A761E6}"
EndProject
Project("{2150E333-8FDC-42A3-9474-1A3956D46DE8}") = "1.2 - Camada de Aplicação", "1.2 - Camada de Aplicação", "{9C9A0D0A-E40C-490D-9DAF-8094934AB989}"
EndProject
Project("{2150E333-8FDC-42A3-9474-1A3956D46DE8}") = "1.3 - Camada de Dominio", "1.3 - Camada de Dominio", "{13C5489F-DDB9-4F6B-BEE4-9564BF67882F}"
EndProject
Project("{2150E333-8FDC-42A3-9474-1A3956D46DE8}") = "1.4 - Camada de InfraEstrutura", "1.4 - Camada de InfraEstrutura", "{DAB24FC1-23B2-43E9-8242-29D23196311E}"
EndProject
Project("{FAE04EC0-301F-11D3-BF4B-00C04F79EFBC}") = "Projeto.Aplicacao", "Projeto.Aplicacao\Projeto.Aplicacao.csproj", "{81D7A158-25C8-4B5E-B951-14557CB1FF9A}"
EndProject
Project("{FAE04EC0-301F-11D3-BF4B-00C04F79EFBC}") = "Projeto.Dominio", "Projeto.Dominio\Projeto.Dominio.csproj", "{99CE2EC6-029C-415B-B643-A5C22F5E1B96}"
EndProject
Project("{2150E333-8FDC-42A3-9474-1A3956D46DE8}") = "1.4.1 - Repositorio de dados", "1.4.1 - Repositorio de dados", "{5CFB4B78-4AA4-4001-AE64-2A977272DBD2}"
EndProject
Project("{2150E333-8FDC-42A3-9474-1A3956D46DE8}") = "1.4.2 - Util", "1.4.2 - Util", "{2BEB5FB8-BFA0-4A01-A80F-EB1F72787DF0}"
EndProject
Project("{FAE04EC0-301F-11D3-BF4B-00C04F79EFBC}") = "Projeto.Infra.Util", "Projeto.Infra.Util\Projeto.Infra.Util.csproj", "{E4966786-59F6-494A-9A44-4F62A990946D}"
EndProject
Project("{FAE04EC0-301F-11D3-BF4B-00C04F79EFBC}") = "Projeto.Infra.Repositorio", "Projeto.Infra.Repositorio\Projeto.Infra.Repositorio.csproj", "{97EBDD51-0E59-43D4-9D14-ADE7F2465249}"
EndProject
Project("{FAE04EC0-301F-11D3-BF4B-00C04F79EFBC}") = "Projeto.Entidades", "Projeto.Entidades\Projeto.Entidades.csproj", "{42E8BA14-C902-4641-8D64-27E9F858CABC}"
EndProject
Project("{FAE04EC0-301F-11D3-BF4B-00C04F79EFBC}") = "Projeto.Apresentacao", "Projeto.Apresentacao\Projeto.Apresentacao.csproj", "{7F9DB26B-2B6D-4CF9-A5F3-6EF0C0C1B96B}"
EndProject
Global
	GlobalSection(SolutionConfigurationPlatforms) = preSolution
		Debug|Any CPU = Debug|Any CPU
		Release|Any CPU = Release|Any CPU
	EndGlobalSection
	GlobalSection(ProjectConfigurationPlatforms) = postSolution
		{81D7A158-25C8-4B5E-B951-14557CB1FF9A}.Debug|Any CPU.ActiveCfg = Debug|Any CPU
		{81D7A158-25C8-4B5E-B951-14557CB1FF9A}.Debug|Any CPU.Build.0 = Debug|Any CPU
		{81D7A158-25C8-4B5E-B951-14557CB1FF9A}.Release|Any CPU.ActiveCfg = Release|Any CPU
		{81D7A158-25C8-4B5E-B951-14557CB1FF9A}.Release|Any CPU.Build.0 = Release|Any CPU
		{99CE2EC6-029C-415B-B643-A5C22F5E1B96}.Debug|Any CPU.ActiveCfg = Debug|Any CPU
		{99CE2EC6-029C-415B-B643-A5C22F5E1B96}.Debug|Any CPU.Build.0 = Debug|Any CPU
		{99CE2EC6-029C-415B-B643-A5C22F5E1B96}.Release|Any CPU.ActiveCfg = Release|Any CPU
		{99CE2EC6-029C-415B-B643-A5C22F5E1B96}.Release|Any CPU.Build.0 = Release|Any CPU
		{E4966786-59F6-494A-9A44-4F62A990946D}.Debug|Any CPU.ActiveCfg = Debug|Any CPU
		{E4966786-59F6-494A-9A44-4F62A990946D}.Debug|Any CPU.Build.0 = Debug|Any CPU
		{E4966786-59F6-494A-9A44-4F62A990946D}.Release|Any CPU.ActiveCfg = Release|Any CPU
		{E4966786-59F6-494A-9A44-4F62A990946D}.Release|Any CPU.Build.0 = Release|Any CPU
		{97EBDD51-0E59-43D4-9D14-ADE7F2465249}.Debug|Any CPU.ActiveCfg = Debug|Any CPU
		{97EBDD51-0E59-43D4-9D14-ADE7F2465249}.Debug|Any CPU.Build.0 = Debug|Any CPU
		{97EBDD51-0E59-43D4-9D14-ADE7F2465249}.Release|Any CPU.ActiveCfg = Release|Any CPU
		{97EBDD51-0E59-43D4-9D14-ADE7F2465249}.Release|Any CPU.Build.0 = Release|Any CPU
		{42E8BA14-C902-4641-8D64-27E9F858CABC}.Debug|Any CPU.ActiveCfg = Debug|Any CPU
		{42E8BA14-C902-4641-8D64-27E9F858CABC}.Debug|Any CPU.Build.0 = Debug|Any CPU
		{42E8BA14-C902-4641-8D64-27E9F858CABC}.Release|Any CPU.ActiveCfg = Release|Any CPU
		{42E8BA14-C902-4641-8D64-27E9F858CABC}.Release|Any CPU.Build.0 = Release|Any CPU
		{7F9DB26B-2B6D-4CF9-A5F3-6EF0C0C1B96B}.Debug|Any CPU.ActiveCfg = Debug|Any CPU
		{7F9DB26B-2B6D-4CF9-A5F3-6EF0C0C1B96B}.Debug|Any CPU.Build.0 = Debug|Any CPU
		{7F9DB26B-2B6D-4CF9-A5F3-6EF0C0C1B96B}.Release|Any CPU.ActiveCfg = Release|Any CPU
		{7F9DB26B-2B6D-4CF9-A5F3-6EF0C0C1B96B}.Release|Any CPU.Build.0 = Release|Any CPU
	EndGlobalSection
	GlobalSection(SolutionProperties) = preSolution
		HideSolutionNode = FALSE
	EndGlobalSection
	GlobalSection(NestedProjects) = preSolution
		{B6957207-6AFE-482A-AE2D-603674A761E6} = {4C2F5499-F599-4D18-919A-3CAE2D09B04B}
		{9C9A0D0A-E40C-490D-9DAF-8094934AB989} = {4C2F5499-F599-4D18-919A-3CAE2D09B04B}
		{13C5489F-DDB9-4F6B-BEE4-9564BF67882F} = {4C2F5499-F599-4D18-919A-3CAE2D09B04B}
		{DAB24FC1-23B2-43E9-8242-29D23196311E} = {4C2F5499-F599-4D18-919A-3CAE2D09B04B}
		{81D7A158-25C8-4B5E-B951-14557CB1FF9A} = {9C9A0D0A-E40C-490D-9DAF-8094934AB989}
		{99CE2EC6-029C-415B-B643-A5C22F5E1B96} = {13C5489F-DDB9-4F6B-BEE4-9564BF67882F}
		{5CFB4B78-4AA4-4001-AE64-2A977272DBD2} = {DAB24FC1-23B2-43E9-8242-29D23196311E}
		{2BEB5FB8-BFA0-4A01-A80F-EB1F72787DF0} = {DAB24FC1-23B2-43E9-8242-29D23196311E}
		{E4966786-59F6-494A-9A44-4F62A990946D} = {2BEB5FB8-BFA0-4A01-A80F-EB1F72787DF0}
		{97EBDD51-0E59-43D4-9D14-ADE7F2465249} = {5CFB4B78-4AA4-4001-AE64-2A977272DBD2}
		{42E8BA14-C902-4641-8D64-27E9F858CABC} = {A5886B74-B512-4C9B-879C-74C2FB435B0B}
		{7F9DB26B-2B6D-4CF9-A5F3-6EF0C0C1B96B} = {B6957207-6AFE-482A-AE2D-603674A761E6}
	EndGlobalSection
EndGlobal
